
Microsoft Visual Studio Solution File, Format Version 12.00
# Visual Studio 15
Project("{FAE04EC0-301F-11D3-BF4B-00C04F79EFBC}") = "Assembly-CSharp", "Assembly-CSharp.csproj", "{B729500D-0914-E0D1-5D20-50A5DBDF7118}"
EndProject
Project("{FAE04EC0-301F-11D3-BF4B-00C04F79EFBC}") = "Assembly-CSharp-Editor", "Assembly-CSharp-Editor.csproj", "{5FE3155F-F0C2-1CFE-61EC-F6C0A347A692}"
EndProject
Global
	GlobalSection(SolutionConfigurationPlatforms) = preSolution
		Debug|Any CPU = Debug|Any CPU
		Release|Any CPU = Release|Any CPU
	EndGlobalSection
	GlobalSection(ProjectConfigurationPlatforms) = postSolution
		{B729500D-0914-E0D1-5D20-50A5DBDF7118}.Debug|Any CPU.ActiveCfg = Debug|Any CPU
		{B729500D-0914-E0D1-5D20-50A5DBDF7118}.Debug|Any CPU.Build.0 = Debug|Any CPU
		{B729500D-0914-E0D1-5D20-50A5DBDF7118}.Release|Any CPU.ActiveCfg = Release|Any CPU
		{B729500D-0914-E0D1-5D20-50A5DBDF7118}.Release|Any CPU.Build.0 = Release|Any CPU
		{5FE3155F-F0C2-1CFE-61EC-F6C0A347A692}.Debug|Any CPU.ActiveCfg = Debug|Any CPU
		{5FE3155F-F0C2-1CFE-61EC-F6C0A347A692}.Debug|Any CPU.Build.0 = Debug|Any CPU
		{5FE3155F-F0C2-1CFE-61EC-F6C0A347A692}.Release|Any CPU.ActiveCfg = Release|Any CPU
		{5FE3155F-F0C2-1CFE-61EC-F6C0A347A692}.Release|Any CPU.Build.0 = Release|Any CPU
	EndGlobalSection
	GlobalSection(SolutionProperties) = preSolution
		HideSolutionNode = FALSE
	EndGlobalSection
EndGlobal
